<?xml version="1.0" encoding="utf-8"?>
<Project ToolsVersion="4.0" xmlns="http://schemas.microsoft.com/developer/msbuild/2003">
  <ItemGroup>
    <Filter Include="C++ Files">
      <UniqueIdentifier>{f88b80d6-5cdc-48fa-a280-b468cd544541}</UniqueIdentifier>
      <Extensions>cpp;h;ico;inf;rc</Extensions>
    </Filter>
    <Filter Include="Modules %28mpp%29">
      <UniqueIdentifier>{64ee7779-3646-45b8-b6cb-aaad1c764a55}</UniqueIdentifier>
      <Extensions>mpp</Extensions>
    </Filter>
    <Filter Include="Scenarios">
      <UniqueIdentifier>{59bd20b0-5b3d-4bc8-b304-22cfb87f3ae2}</UniqueIdentifier>
      <Extensions>sce;dat</Extensions>
    </Filter>
  </ItemGroup>
  <ItemGroup>
    <None Include="MochModel4.mpp">
      <Filter>Modules %28mpp%29</Filter>
    </None>
    <None Include="MotherCore.mpp">
      <Filter>Modules %28mpp%29</Filter>
    </None>
    <None Include="TickerCore.mpp">
      <Filter>Modules %28mpp%29</Filter>
    </None>
    <None Include="ModelStrings.mpp">
      <Filter>Modules %28mpp%29</Filter>
    </None>
    <None Include="app.ico">
      <Filter>C++ Files</Filter>
    </None>
    <None Include="parse.inf">
      <Filter>C++ Files</Filter>
    </None>
    <None Include="Base(MotherCore).dat">
      <Filter>Scenarios</Filter>
    </None>
    <None Include="Base.scex" />
    <None Include="ReadMe.txt" />
    <None Include="MotherMortality.mpp">
      <Filter>Modules %28mpp%29</Filter>
    </None>
    <None Include="MotherTables.mpp">
      <Filter>Modules %28mpp%29</Filter>
    </None>
    <None Include="MotherInfection.mpp">
      <Filter>Modules %28mpp%29</Filter>
    </None>
    <None Include="MotherSymptoms.mpp">
      <Filter>Modules %28mpp%29</Filter>
    </None>
    <None Include="MotherDiagnosis.mpp">
      <Filter>Modules %28mpp%29</Filter>
    </None>
  </ItemGroup>
  <ItemGroup>
    <ClCompile Include="MochModel4.cpp">
      <Filter>C++ Files</Filter>
    </ClCompile>
    <ClCompile Include="MotherCore.cpp">
      <Filter>C++ Files</Filter>
    </ClCompile>
    <ClCompile Include="TickerCore.cpp">
      <Filter>C++ Files</Filter>
    </ClCompile>
    <ClCompile Include="ModelStrings.cpp">
      <Filter>C++ Files</Filter>
    </ClCompile>
    <ClCompile Include="Actors.cpp">
      <Filter>C++ Files</Filter>
    </ClCompile>
    <ClCompile Include="Tabinit.cpp">
      <Filter>C++ Files</Filter>
    </ClCompile>
    <ClCompile Include="MTables.cpp">
      <Filter>C++ Files</Filter>
    </ClCompile>
    <ClCompile Include="MotherMortality.cpp">
      <Filter>C++ Files</Filter>
    </ClCompile>
    <ClCompile Include="MotherInfection.cpp">
      <Filter>C++ Files</Filter>
    </ClCompile>
    <ClCompile Include="MotherSymptoms.cpp">
      <Filter>C++ Files</Filter>
    </ClCompile>
    <ClCompile Include="MotherDiagnosis.cpp">
      <Filter>C++ Files</Filter>
    </ClCompile>
  </ItemGroup>
  <ItemGroup>
    <ClInclude Include="Actors.h">
      <Filter>C++ Files</Filter>
    </ClInclude>
    <ClInclude Include="Tabinit.h">
      <Filter>C++ Files</Filter>
    </ClInclude>
    <ClInclude Include="model.h">
      <Filter>C++ Files</Filter>
    </ClInclude>
  </ItemGroup>
  <ItemGroup>
    <ResourceCompile Include="model.rc">
      <Filter>C++ Files</Filter>
    </ResourceCompile>
  </ItemGroup>
</Project>